
Microsoft Visual Studio Solution File, Format Version 12.00
# Visual Studio Version 17
VisualStudioVersion = 17.12.35527.113 d17.12
MinimumVisualStudioVersion = 10.0.40219.1
Project("{FAE04EC0-301F-11D3-BF4B-00C04F79EFBC}") = "BmfFile", "BmfFile\BmfFile.csproj", "{E78B810B-D896-4878-9D11-70EA051E3A14}"
EndProject
Project("{FAE04EC0-301F-11D3-BF4B-00C04F79EFBC}") = "BZCCFontEditor", "BZCCFontEditor\BZCCFontEditor.csproj", "{85DAEDF9-5B6F-4E17-ACA2-9AA3F69053B5}"
EndProject
Global
	GlobalSection(SolutionConfigurationPlatforms) = preSolution
		Debug|Any CPU = Debug|Any CPU
		Debug|Mixed Platforms = Debug|Mixed Platforms
		Debug|x86 = Debug|x86
		Release|Any CPU = Release|Any CPU
		Release|Mixed Platforms = Release|Mixed Platforms
		Release|x86 = Release|x86
	EndGlobalSection
	GlobalSection(ProjectConfigurationPlatforms) = postSolution
		{E78B810B-D896-4878-9D11-70EA051E3A14}.Debug|Any CPU.ActiveCfg = Debug|Any CPU
		{E78B810B-D896-4878-9D11-70EA051E3A14}.Debug|Any CPU.Build.0 = Debug|Any CPU
		{E78B810B-D896-4878-9D11-70EA051E3A14}.Debug|Mixed Platforms.ActiveCfg = Debug|Any CPU
		{E78B810B-D896-4878-9D11-70EA051E3A14}.Debug|Mixed Platforms.Build.0 = Debug|Any CPU
		{E78B810B-D896-4878-9D11-70EA051E3A14}.Debug|x86.ActiveCfg = Debug|Any CPU
		{E78B810B-D896-4878-9D11-70EA051E3A14}.Release|Any CPU.ActiveCfg = Release|Any CPU
		{E78B810B-D896-4878-9D11-70EA051E3A14}.Release|Any CPU.Build.0 = Release|Any CPU
		{E78B810B-D896-4878-9D11-70EA051E3A14}.Release|Mixed Platforms.ActiveCfg = Release|Any CPU
		{E78B810B-D896-4878-9D11-70EA051E3A14}.Release|Mixed Platforms.Build.0 = Release|Any CPU
		{E78B810B-D896-4878-9D11-70EA051E3A14}.Release|x86.ActiveCfg = Release|Any CPU
		{85DAEDF9-5B6F-4E17-ACA2-9AA3F69053B5}.Debug|Any CPU.ActiveCfg = Debug|Any CPU
		{85DAEDF9-5B6F-4E17-ACA2-9AA3F69053B5}.Debug|Any CPU.Build.0 = Debug|Any CPU
		{85DAEDF9-5B6F-4E17-ACA2-9AA3F69053B5}.Debug|Mixed Platforms.ActiveCfg = Debug|Any CPU
		{85DAEDF9-5B6F-4E17-ACA2-9AA3F69053B5}.Debug|Mixed Platforms.Build.0 = Debug|Any CPU
		{85DAEDF9-5B6F-4E17-ACA2-9AA3F69053B5}.Debug|x86.ActiveCfg = Debug|Any CPU
		{85DAEDF9-5B6F-4E17-ACA2-9AA3F69053B5}.Debug|x86.Build.0 = Debug|Any CPU
		{85DAEDF9-5B6F-4E17-ACA2-9AA3F69053B5}.Release|Any CPU.ActiveCfg = Release|Any CPU
		{85DAEDF9-5B6F-4E17-ACA2-9AA3F69053B5}.Release|Any CPU.Build.0 = Release|Any CPU
		{85DAEDF9-5B6F-4E17-ACA2-9AA3F69053B5}.Release|Mixed Platforms.ActiveCfg = Release|Any CPU
		{85DAEDF9-5B6F-4E17-ACA2-9AA3F69053B5}.Release|Mixed Platforms.Build.0 = Release|Any CPU
		{85DAEDF9-5B6F-4E17-ACA2-9AA3F69053B5}.Release|x86.ActiveCfg = Release|Any CPU
		{85DAEDF9-5B6F-4E17-ACA2-9AA3F69053B5}.Release|x86.Build.0 = Release|Any CPU
	EndGlobalSection
	GlobalSection(SolutionProperties) = preSolution
		HideSolutionNode = FALSE
	EndGlobalSection
EndGlobal
