
Microsoft Visual Studio Solution File, Format Version 11.00
# Visual Studio 2010
Project("{FAE04EC0-301F-11D3-BF4B-00C04F79EFBC}") = "BZ2FontEditor", "BZ2FontEditor\BZ2FontEditor.csproj", "{9E88E6B2-87E1-4C8E-A705-B3670444F538}"
EndProject
Project("{FAE04EC0-301F-11D3-BF4B-00C04F79EFBC}") = "BmfFile", "BmfFile\BmfFile.csproj", "{E78B810B-D896-4878-9D11-70EA051E3A14}"
EndProject
Project("{FAE04EC0-301F-11D3-BF4B-00C04F79EFBC}") = "DecompileFont", "DecompileFont\DecompileFont.csproj", "{942C0BB7-3CFA-4EF7-949F-FF99957447EB}"
EndProject
Project("{FAE04EC0-301F-11D3-BF4B-00C04F79EFBC}") = "CompileFont", "CompileFont\CompileFont.csproj", "{FA95B8E5-4E74-40DA-9057-87AF6CBE10B1}"
EndProject
Global
	GlobalSection(SolutionConfigurationPlatforms) = preSolution
		Debug|Any CPU = Debug|Any CPU
		Debug|Mixed Platforms = Debug|Mixed Platforms
		Debug|x86 = Debug|x86
		Release|Any CPU = Release|Any CPU
		Release|Mixed Platforms = Release|Mixed Platforms
		Release|x86 = Release|x86
	EndGlobalSection
	GlobalSection(ProjectConfigurationPlatforms) = postSolution
		{9E88E6B2-87E1-4C8E-A705-B3670444F538}.Debug|Any CPU.ActiveCfg = Debug|x86
		{9E88E6B2-87E1-4C8E-A705-B3670444F538}.Debug|Mixed Platforms.ActiveCfg = Debug|x86
		{9E88E6B2-87E1-4C8E-A705-B3670444F538}.Debug|Mixed Platforms.Build.0 = Debug|x86
		{9E88E6B2-87E1-4C8E-A705-B3670444F538}.Debug|x86.ActiveCfg = Debug|x86
		{9E88E6B2-87E1-4C8E-A705-B3670444F538}.Debug|x86.Build.0 = Debug|x86
		{9E88E6B2-87E1-4C8E-A705-B3670444F538}.Release|Any CPU.ActiveCfg = Release|x86
		{9E88E6B2-87E1-4C8E-A705-B3670444F538}.Release|Mixed Platforms.ActiveCfg = Release|x86
		{9E88E6B2-87E1-4C8E-A705-B3670444F538}.Release|Mixed Platforms.Build.0 = Release|x86
		{9E88E6B2-87E1-4C8E-A705-B3670444F538}.Release|x86.ActiveCfg = Release|x86
		{9E88E6B2-87E1-4C8E-A705-B3670444F538}.Release|x86.Build.0 = Release|x86
		{E78B810B-D896-4878-9D11-70EA051E3A14}.Debug|Any CPU.ActiveCfg = Debug|Any CPU
		{E78B810B-D896-4878-9D11-70EA051E3A14}.Debug|Any CPU.Build.0 = Debug|Any CPU
		{E78B810B-D896-4878-9D11-70EA051E3A14}.Debug|Mixed Platforms.ActiveCfg = Debug|Any CPU
		{E78B810B-D896-4878-9D11-70EA051E3A14}.Debug|Mixed Platforms.Build.0 = Debug|Any CPU
		{E78B810B-D896-4878-9D11-70EA051E3A14}.Debug|x86.ActiveCfg = Debug|Any CPU
		{E78B810B-D896-4878-9D11-70EA051E3A14}.Release|Any CPU.ActiveCfg = Release|Any CPU
		{E78B810B-D896-4878-9D11-70EA051E3A14}.Release|Any CPU.Build.0 = Release|Any CPU
		{E78B810B-D896-4878-9D11-70EA051E3A14}.Release|Mixed Platforms.ActiveCfg = Release|Any CPU
		{E78B810B-D896-4878-9D11-70EA051E3A14}.Release|Mixed Platforms.Build.0 = Release|Any CPU
		{E78B810B-D896-4878-9D11-70EA051E3A14}.Release|x86.ActiveCfg = Release|Any CPU
		{942C0BB7-3CFA-4EF7-949F-FF99957447EB}.Debug|Any CPU.ActiveCfg = Debug|x86
		{942C0BB7-3CFA-4EF7-949F-FF99957447EB}.Debug|Mixed Platforms.ActiveCfg = Debug|x86
		{942C0BB7-3CFA-4EF7-949F-FF99957447EB}.Debug|Mixed Platforms.Build.0 = Debug|x86
		{942C0BB7-3CFA-4EF7-949F-FF99957447EB}.Debug|x86.ActiveCfg = Debug|x86
		{942C0BB7-3CFA-4EF7-949F-FF99957447EB}.Debug|x86.Build.0 = Debug|x86
		{942C0BB7-3CFA-4EF7-949F-FF99957447EB}.Release|Any CPU.ActiveCfg = Release|x86
		{942C0BB7-3CFA-4EF7-949F-FF99957447EB}.Release|Mixed Platforms.ActiveCfg = Release|x86
		{942C0BB7-3CFA-4EF7-949F-FF99957447EB}.Release|Mixed Platforms.Build.0 = Release|x86
		{942C0BB7-3CFA-4EF7-949F-FF99957447EB}.Release|x86.ActiveCfg = Release|x86
		{942C0BB7-3CFA-4EF7-949F-FF99957447EB}.Release|x86.Build.0 = Release|x86
		{FA95B8E5-4E74-40DA-9057-87AF6CBE10B1}.Debug|Any CPU.ActiveCfg = Debug|x86
		{FA95B8E5-4E74-40DA-9057-87AF6CBE10B1}.Debug|Mixed Platforms.ActiveCfg = Debug|x86
		{FA95B8E5-4E74-40DA-9057-87AF6CBE10B1}.Debug|Mixed Platforms.Build.0 = Debug|x86
		{FA95B8E5-4E74-40DA-9057-87AF6CBE10B1}.Debug|x86.ActiveCfg = Debug|x86
		{FA95B8E5-4E74-40DA-9057-87AF6CBE10B1}.Debug|x86.Build.0 = Debug|x86
		{FA95B8E5-4E74-40DA-9057-87AF6CBE10B1}.Release|Any CPU.ActiveCfg = Release|x86
		{FA95B8E5-4E74-40DA-9057-87AF6CBE10B1}.Release|Mixed Platforms.ActiveCfg = Release|x86
		{FA95B8E5-4E74-40DA-9057-87AF6CBE10B1}.Release|Mixed Platforms.Build.0 = Release|x86
		{FA95B8E5-4E74-40DA-9057-87AF6CBE10B1}.Release|x86.ActiveCfg = Release|x86
		{FA95B8E5-4E74-40DA-9057-87AF6CBE10B1}.Release|x86.Build.0 = Release|x86
	EndGlobalSection
	GlobalSection(SolutionProperties) = preSolution
		HideSolutionNode = FALSE
	EndGlobalSection
EndGlobal
